
Microsoft Visual Studio Solution File, Format Version 12.00
# Visual Studio Version 17
VisualStudioVersion = 17.3.32929.385
MinimumVisualStudioVersion = 10.0.40219.1
Project("{8BC9CEB8-8B4A-11D0-8D11-00A0C91BC942}") = "N7", "N7.vcxproj", "{83BECCB4-F77E-428A-B87F-0A871036CDC0}"
EndProject
Global
	GlobalSection(SolutionConfigurationPlatforms) = preSolution
		Debug|x64 = Debug|x64
		Debug|x86 = Debug|x86
		Release|x64 = Release|x64
		Release|x86 = Release|x86
	EndGlobalSection
	GlobalSection(ProjectConfigurationPlatforms) = postSolution
		{83BECCB4-F77E-428A-B87F-0A871036CDC0}.Debug|x64.ActiveCfg = Debug|x64
		{83BECCB4-F77E-428A-B87F-0A871036CDC0}.Debug|x64.Build.0 = Debug|x64
		{83BECCB4-F77E-428A-B87F-0A871036CDC0}.Debug|x86.ActiveCfg = Debug|Win32
		{83BECCB4-F77E-428A-B87F-0A871036CDC0}.Debug|x86.Build.0 = Debug|Win32
		{83BECCB4-F77E-428A-B87F-0A871036CDC0}.Release|x64.ActiveCfg = Release|x64
		{83BECCB4-F77E-428A-B87F-0A871036CDC0}.Release|x64.Build.0 = Release|x64
		{83BECCB4-F77E-428A-B87F-0A871036CDC0}.Release|x86.ActiveCfg = Release|Win32
		{83BECCB4-F77E-428A-B87F-0A871036CDC0}.Release|x86.Build.0 = Release|Win32
	EndGlobalSection
	GlobalSection(SolutionProperties) = preSolution
		HideSolutionNode = FALSE
	EndGlobalSection
	GlobalSection(ExtensibilityGlobals) = postSolution
		SolutionGuid = {7935A9FC-66A0-4757-9481-2457B0AF4ABB}
	EndGlobalSection
EndGlobal
